// !$*UTF8*$!
{
	archiveVersion = 1;
	classes = {
	};
	objectVersion = 50;
	objects = {

/* Begin PBXBuildFile section */
		1DF7249E2CD190DBC02F8FE7 /* libPods-Test.a in Frameworks */ = {isa = PBXBuildFile; fileRef = C1480BD238C3C72CF9B83C04 /* libPods-Test.a */; };
		CE3BE15F25DBEF2800D2187C /* TableManager.swift in Sources */ = {isa = PBXBuildFile; fileRef = CE3BE15E25DBEF2800D2187C /* TableManager.swift */; };
		CE3BE16D25DBF6C000D2187C /* ListHeaderView.swift in Sources */ = {isa = PBXBuildFile; fileRef = CE3BE16C25DBF6C000D2187C /* ListHeaderView.swift */; };
		CE3BE17025DC0C1900D2187C /* Configurable.swift in Sources */ = {isa = PBXBuildFile; fileRef = CE3BE16F25DC0C1900D2187C /* Configurable.swift */; };
		CE3BE17C25DC129900D2187C /* SelectorCellView.swift in Sources */ = {isa = PBXBuildFile; fileRef = CE3BE17B25DC129900D2187C /* SelectorCellView.swift */; };
		CE3BE17F25DC12A200D2187C /* SelectorCell.swift in Sources */ = {isa = PBXBuildFile; fileRef = CE3BE17E25DC12A200D2187C /* SelectorCell.swift */; };
		CE3BE18225DC12AD00D2187C /* PictureCellView.swift in Sources */ = {isa = PBXBuildFile; fileRef = CE3BE18125DC12AD00D2187C /* PictureCellView.swift */; };
		CE3BE18525DC12B500D2187C /* PictureCell.swift in Sources */ = {isa = PBXBuildFile; fileRef = CE3BE18425DC12B500D2187C /* PictureCell.swift */; };
		CE3BE18925DC418A00D2187C /* Models.swift in Sources */ = {isa = PBXBuildFile; fileRef = CE3BE18825DC418A00D2187C /* Models.swift */; };
		CE3BE1A225DC854D00D2187C /* DataFetcher.swift in Sources */ = {isa = PBXBuildFile; fileRef = CE3BE1A125DC854D00D2187C /* DataFetcher.swift */; };
		CE3BE1A525DC86CD00D2187C /* API.swift in Sources */ = {isa = PBXBuildFile; fileRef = CE3BE1A425DC86CD00D2187C /* API.swift */; };
		CEAC4CF825DBE8F500EB8125 /* AppDelegate.swift in Sources */ = {isa = PBXBuildFile; fileRef = CEAC4CF725DBE8F500EB8125 /* AppDelegate.swift */; };
		CEAC4CFA25DBE8F500EB8125 /* SceneDelegate.swift in Sources */ = {isa = PBXBuildFile; fileRef = CEAC4CF925DBE8F500EB8125 /* SceneDelegate.swift */; };
		CEAC4CFC25DBE8F500EB8125 /* ListViewControler.swift in Sources */ = {isa = PBXBuildFile; fileRef = CEAC4CFB25DBE8F500EB8125 /* ListViewControler.swift */; };
		CEAC4D0125DBE8F900EB8125 /* Assets.xcassets in Resources */ = {isa = PBXBuildFile; fileRef = CEAC4D0025DBE8F900EB8125 /* Assets.xcassets */; };
		CEAC4D0425DBE8F900EB8125 /* LaunchScreen.storyboard in Resources */ = {isa = PBXBuildFile; fileRef = CEAC4D0225DBE8F900EB8125 /* LaunchScreen.storyboard */; };
		CEAC4D0D25DBE91A00EB8125 /* NetworkService.swift in Sources */ = {isa = PBXBuildFile; fileRef = CEAC4D0C25DBE91A00EB8125 /* NetworkService.swift */; };
		CEAC4D1025DBE92900EB8125 /* ListViewModel.swift in Sources */ = {isa = PBXBuildFile; fileRef = CEAC4D0F25DBE92900EB8125 /* ListViewModel.swift */; };
		CEAC4D1B25DBE97500EB8125 /* HZCellView.swift in Sources */ = {isa = PBXBuildFile; fileRef = CEAC4D1A25DBE97500EB8125 /* HZCellView.swift */; };
		CEAC4D2025DBE99000EB8125 /* HZCell.swift in Sources */ = {isa = PBXBuildFile; fileRef = CEAC4D1F25DBE99000EB8125 /* HZCell.swift */; };
		CEAC4D2925DBEAFE00EB8125 /* ListView.swift in Sources */ = {isa = PBXBuildFile; fileRef = CEAC4D2825DBEAFE00EB8125 /* ListView.swift */; };
		CEAC4D2E25DBEB9B00EB8125 /* ViewController + ViewHolder.swift in Sources */ = {isa = PBXBuildFile; fileRef = CEAC4D2D25DBEB9B00EB8125 /* ViewController + ViewHolder.swift */; };
		CEAC4D3125DBEC2C00EB8125 /* ViewController + Alert.swift in Sources */ = {isa = PBXBuildFile; fileRef = CEAC4D3025DBEC2C00EB8125 /* ViewController + Alert.swift */; };
/* End PBXBuildFile section */

/* Begin PBXFileReference section */
		99BC098ACF8CF825C76A996C /* Pods-Test.debug.xcconfig */ = {isa = PBXFileReference; includeInIndex = 1; lastKnownFileType = text.xcconfig; name = "Pods-Test.debug.xcconfig"; path = "Target Support Files/Pods-Test/Pods-Test.debug.xcconfig"; sourceTree = "<group>"; };
		ABB7F08C1990CD64DF467D03 /* Pods-Test.release.xcconfig */ = {isa = PBXFileReference; includeInIndex = 1; lastKnownFileType = text.xcconfig; name = "Pods-Test.release.xcconfig"; path = "Target Support Files/Pods-Test/Pods-Test.release.xcconfig"; sourceTree = "<group>"; };
		C1480BD238C3C72CF9B83C04 /* libPods-Test.a */ = {isa = PBXFileReference; explicitFileType = archive.ar; includeInIndex = 0; path = "libPods-Test.a"; sourceTree = BUILT_PRODUCTS_DIR; };
		CE3BE15E25DBEF2800D2187C /* TableManager.swift */ = {isa = PBXFileReference; lastKnownFileType = sourcecode.swift; path = TableManager.swift; sourceTree = "<group>"; };
		CE3BE16C25DBF6C000D2187C /* ListHeaderView.swift */ = {isa = PBXFileReference; lastKnownFileType = sourcecode.swift; path = ListHeaderView.swift; sourceTree = "<group>"; };
		CE3BE16F25DC0C1900D2187C /* Configurable.swift */ = {isa = PBXFileReference; lastKnownFileType = sourcecode.swift; path = Configurable.swift; sourceTree = "<group>"; };
		CE3BE17B25DC129900D2187C /* SelectorCellView.swift */ = {isa = PBXFileReference; lastKnownFileType = sourcecode.swift; path = SelectorCellView.swift; sourceTree = "<group>"; };
		CE3BE17E25DC12A200D2187C /* SelectorCell.swift */ = {isa = PBXFileReference; lastKnownFileType = sourcecode.swift; path = SelectorCell.swift; sourceTree = "<group>"; };
		CE3BE18125DC12AD00D2187C /* PictureCellView.swift */ = {isa = PBXFileReference; lastKnownFileType = sourcecode.swift; path = PictureCellView.swift; sourceTree = "<group>"; };
		CE3BE18425DC12B500D2187C /* PictureCell.swift */ = {isa = PBXFileReference; lastKnownFileType = sourcecode.swift; path = PictureCell.swift; sourceTree = "<group>"; };
		CE3BE18825DC418A00D2187C /* Models.swift */ = {isa = PBXFileReference; lastKnownFileType = sourcecode.swift; path = Models.swift; sourceTree = "<group>"; };
		CE3BE1A125DC854D00D2187C /* DataFetcher.swift */ = {isa = PBXFileReference; lastKnownFileType = sourcecode.swift; path = DataFetcher.swift; sourceTree = "<group>"; };
		CE3BE1A425DC86CD00D2187C /* API.swift */ = {isa = PBXFileReference; lastKnownFileType = sourcecode.swift; path = API.swift; sourceTree = "<group>"; };
		CEAC4CF425DBE8F500EB8125 /* Test.app */ = {isa = PBXFileReference; explicitFileType = wrapper.application; includeInIndex = 0; path = Test.app; sourceTree = BUILT_PRODUCTS_DIR; };
		CEAC4CF725DBE8F500EB8125 /* AppDelegate.swift */ = {isa = PBXFileReference; lastKnownFileType = sourcecode.swift; path = AppDelegate.swift; sourceTree = "<group>"; };
		CEAC4CF925DBE8F500EB8125 /* SceneDelegate.swift */ = {isa = PBXFileReference; lastKnownFileType = sourcecode.swift; path = SceneDelegate.swift; sourceTree = "<group>"; };
		CEAC4CFB25DBE8F500EB8125 /* ListViewControler.swift */ = {isa = PBXFileReference; lastKnownFileType = sourcecode.swift; path = ListViewControler.swift; sourceTree = "<group>"; };
		CEAC4D0025DBE8F900EB8125 /* Assets.xcassets */ = {isa = PBXFileReference; lastKnownFileType = folder.assetcatalog; path = Assets.xcassets; sourceTree = "<group>"; };
		CEAC4D0325DBE8F900EB8125 /* Base */ = {isa = PBXFileReference; lastKnownFileType = file.storyboard; name = Base; path = Base.lproj/LaunchScreen.storyboard; sourceTree = "<group>"; };
		CEAC4D0525DBE8F900EB8125 /* Info.plist */ = {isa = PBXFileReference; lastKnownFileType = text.plist.xml; path = Info.plist; sourceTree = "<group>"; };
		CEAC4D0C25DBE91A00EB8125 /* NetworkService.swift */ = {isa = PBXFileReference; lastKnownFileType = sourcecode.swift; path = NetworkService.swift; sourceTree = "<group>"; };
		CEAC4D0F25DBE92900EB8125 /* ListViewModel.swift */ = {isa = PBXFileReference; lastKnownFileType = sourcecode.swift; path = ListViewModel.swift; sourceTree = "<group>"; };
		CEAC4D1A25DBE97500EB8125 /* HZCellView.swift */ = {isa = PBXFileReference; lastKnownFileType = sourcecode.swift; path = HZCellView.swift; sourceTree = "<group>"; };
		CEAC4D1F25DBE99000EB8125 /* HZCell.swift */ = {isa = PBXFileReference; lastKnownFileType = sourcecode.swift; path = HZCell.swift; sourceTree = "<group>"; };
		CEAC4D2825DBEAFE00EB8125 /* ListView.swift */ = {isa = PBXFileReference; lastKnownFileType = sourcecode.swift; path = ListView.swift; sourceTree = "<group>"; };
		CEAC4D2D25DBEB9B00EB8125 /* ViewController + ViewHolder.swift */ = {isa = PBXFileReference; lastKnownFileType = sourcecode.swift; path = "ViewController + ViewHolder.swift"; sourceTree = "<group>"; };
		CEAC4D3025DBEC2C00EB8125 /* ViewController + Alert.swift */ = {isa = PBXFileReference; lastKnownFileType = sourcecode.swift; path = "ViewController + Alert.swift"; sourceTree = "<group>"; };
/* End PBXFileReference section */

/* Begin PBXFrameworksBuildPhase section */
		CEAC4CF125DBE8F500EB8125 /* Frameworks */ = {
			isa = PBXFrameworksBuildPhase;
			buildActionMask = 2147483647;
			files = (
				1DF7249E2CD190DBC02F8FE7 /* libPods-Test.a in Frameworks */,
			);
			runOnlyForDeploymentPostprocessing = 0;
		};
/* End PBXFrameworksBuildPhase section */

/* Begin PBXGroup section */
		3FCDA6A7718F01697A636252 /* Pods */ = {
			isa = PBXGroup;
			children = (
				99BC098ACF8CF825C76A996C /* Pods-Test.debug.xcconfig */,
				ABB7F08C1990CD64DF467D03 /* Pods-Test.release.xcconfig */,
			);
			path = Pods;
			sourceTree = "<group>";
		};
		CE3BE17525DC122200D2187C /* HZCell */ = {
			isa = PBXGroup;
			children = (
				CEAC4D1A25DBE97500EB8125 /* HZCellView.swift */,
				CEAC4D1F25DBE99000EB8125 /* HZCell.swift */,
			);
			path = HZCell;
			sourceTree = "<group>";
		};
		CE3BE17725DC122B00D2187C /* SelectorCell */ = {
			isa = PBXGroup;
			children = (
				CE3BE17B25DC129900D2187C /* SelectorCellView.swift */,
				CE3BE17E25DC12A200D2187C /* SelectorCell.swift */,
			);
			path = SelectorCell;
			sourceTree = "<group>";
		};
		CE3BE17825DC123B00D2187C /* PictureCell */ = {
			isa = PBXGroup;
			children = (
				CE3BE18125DC12AD00D2187C /* PictureCellView.swift */,
				CE3BE18425DC12B500D2187C /* PictureCell.swift */,
			);
			path = PictureCell;
			sourceTree = "<group>";
		};
		CE3BE1AD25DD59EA00D2187C /* TableManager */ = {
			isa = PBXGroup;
			children = (
				CE3BE15E25DBEF2800D2187C /* TableManager.swift */,
				CE3BE16F25DC0C1900D2187C /* Configurable.swift */,
			);
			path = TableManager;
			sourceTree = "<group>";
		};
		CEAC4CEB25DBE8F500EB8125 = {
			isa = PBXGroup;
			children = (
				CEAC4CF625DBE8F500EB8125 /* Test */,
				CEAC4CF525DBE8F500EB8125 /* Products */,
				3FCDA6A7718F01697A636252 /* Pods */,
				D74F9E85C9CE07B8A2A220C4 /* Frameworks */,
			);
			sourceTree = "<group>";
		};
		CEAC4CF525DBE8F500EB8125 /* Products */ = {
			isa = PBXGroup;
			children = (
				CEAC4CF425DBE8F500EB8125 /* Test.app */,
			);
			name = Products;
			sourceTree = "<group>";
		};
		CEAC4CF625DBE8F500EB8125 /* Test */ = {
			isa = PBXGroup;
			children = (
				CEAC4CF725DBE8F500EB8125 /* AppDelegate.swift */,
				CEAC4CF925DBE8F500EB8125 /* SceneDelegate.swift */,
				CEAC4D1225DBE93D00EB8125 /* Services */,
				CEAC4D2B25DBEB4600EB8125 /* Models */,
				CE3BE1AD25DD59EA00D2187C /* TableManager */,
				CEAC4D1425DBE95300EB8125 /* ListModule */,
				CEAC4D2C25DBEB5A00EB8125 /* Extensions */,
				CEAC4D0025DBE8F900EB8125 /* Assets.xcassets */,
				CEAC4D0225DBE8F900EB8125 /* LaunchScreen.storyboard */,
				CEAC4D0525DBE8F900EB8125 /* Info.plist */,
			);
			path = Test;
			sourceTree = "<group>";
		};
		CEAC4D1225DBE93D00EB8125 /* Services */ = {
			isa = PBXGroup;
			children = (
				CE3BE1A425DC86CD00D2187C /* API.swift */,
				CEAC4D0C25DBE91A00EB8125 /* NetworkService.swift */,
				CE3BE1A125DC854D00D2187C /* DataFetcher.swift */,
			);
			path = Services;
			sourceTree = "<group>";
		};
		CEAC4D1425DBE95300EB8125 /* ListModule */ = {
			isa = PBXGroup;
			children = (
				CEAC4D1D25DBE97B00EB8125 /* View */,
				CEAC4D1625DBE95B00EB8125 /* Controller */,
				CEAC4D1825DBE96300EB8125 /* ViewModel */,
			);
			path = ListModule;
			sourceTree = "<group>";
		};
		CEAC4D1625DBE95B00EB8125 /* Controller */ = {
			isa = PBXGroup;
			children = (
				CEAC4CFB25DBE8F500EB8125 /* ListViewControler.swift */,
			);
			path = Controller;
			sourceTree = "<group>";
		};
		CEAC4D1825DBE96300EB8125 /* ViewModel */ = {
			isa = PBXGroup;
			children = (
				CEAC4D0F25DBE92900EB8125 /* ListViewModel.swift */,
			);
			path = ViewModel;
			sourceTree = "<group>";
		};
		CEAC4D1D25DBE97B00EB8125 /* View */ = {
			isa = PBXGroup;
			children = (
				CEAC4D2825DBEAFE00EB8125 /* ListView.swift */,
				CE3BE16C25DBF6C000D2187C /* ListHeaderView.swift */,
				CEAC4D2325DBE99500EB8125 /* Cells */,
			);
			path = View;
			sourceTree = "<group>";
		};
		CEAC4D2325DBE99500EB8125 /* Cells */ = {
			isa = PBXGroup;
			children = (
				CE3BE17825DC123B00D2187C /* PictureCell */,
				CE3BE17725DC122B00D2187C /* SelectorCell */,
				CE3BE17525DC122200D2187C /* HZCell */,
			);
			path = Cells;
			sourceTree = "<group>";
		};
		CEAC4D2B25DBEB4600EB8125 /* Models */ = {
			isa = PBXGroup;
			children = (
				CE3BE18825DC418A00D2187C /* Models.swift */,
			);
			path = Models;
			sourceTree = "<group>";
		};
		CEAC4D2C25DBEB5A00EB8125 /* Extensions */ = {
			isa = PBXGroup;
			children = (
				CEAC4D2D25DBEB9B00EB8125 /* ViewController + ViewHolder.swift */,
				CEAC4D3025DBEC2C00EB8125 /* ViewController + Alert.swift */,
			);
			path = Extensions;
			sourceTree = "<group>";
		};
		D74F9E85C9CE07B8A2A220C4 /* Frameworks */ = {
			isa = PBXGroup;
			children = (
				C1480BD238C3C72CF9B83C04 /* libPods-Test.a */,
			);
			name = Frameworks;
			sourceTree = "<group>";
		};
/* End PBXGroup section */

/* Begin PBXNativeTarget section */
		CEAC4CF325DBE8F500EB8125 /* Test */ = {
			isa = PBXNativeTarget;
			buildConfigurationList = CEAC4D0825DBE8F900EB8125 /* Build configuration list for PBXNativeTarget "Test" */;
			buildPhases = (
				051D422BC2A76C27D8579659 /* [CP] Check Pods Manifest.lock */,
				CEAC4CF025DBE8F500EB8125 /* Sources */,
				CEAC4CF125DBE8F500EB8125 /* Frameworks */,
				CEAC4CF225DBE8F500EB8125 /* Resources */,
			);
			buildRules = (
			);
			dependencies = (
			);
			name = Test;
			productName = Test;
			productReference = CEAC4CF425DBE8F500EB8125 /* Test.app */;
			productType = "com.apple.product-type.application";
		};
/* End PBXNativeTarget section */

/* Begin PBXProject section */
		CEAC4CEC25DBE8F500EB8125 /* Project object */ = {
			isa = PBXProject;
			attributes = {
				LastSwiftUpdateCheck = 1230;
				LastUpgradeCheck = 1230;
				TargetAttributes = {
					CEAC4CF325DBE8F500EB8125 = {
						CreatedOnToolsVersion = 12.3;
					};
				};
			};
			buildConfigurationList = CEAC4CEF25DBE8F500EB8125 /* Build configuration list for PBXProject "Test" */;
			compatibilityVersion = "Xcode 9.3";
			developmentRegion = en;
			hasScannedForEncodings = 0;
			knownRegions = (
				en,
				Base,
			);
			mainGroup = CEAC4CEB25DBE8F500EB8125;
			productRefGroup = CEAC4CF525DBE8F500EB8125 /* Products */;
			projectDirPath = "";
			projectRoot = "";
			targets = (
				CEAC4CF325DBE8F500EB8125 /* Test */,
			);
		};
/* End PBXProject section */

/* Begin PBXResourcesBuildPhase section */
		CEAC4CF225DBE8F500EB8125 /* Resources */ = {
			isa = PBXResourcesBuildPhase;
			buildActionMask = 2147483647;
			files = (
				CEAC4D0425DBE8F900EB8125 /* LaunchScreen.storyboard in Resources */,
				CEAC4D0125DBE8F900EB8125 /* Assets.xcassets in Resources */,
			);
			runOnlyForDeploymentPostprocessing = 0;
		};
/* End PBXResourcesBuildPhase section */

/* Begin PBXShellScriptBuildPhase section */
		051D422BC2A76C27D8579659 /* [CP] Check Pods Manifest.lock */ = {
			isa = PBXShellScriptBuildPhase;
			buildActionMask = 2147483647;
			files = (
			);
			inputFileListPaths = (
			);
			inputPaths = (
				"${PODS_PODFILE_DIR_PATH}/Podfile.lock",
				"${PODS_ROOT}/Manifest.lock",
			);
			name = "[CP] Check Pods Manifest.lock";
			outputFileListPaths = (
			);
			outputPaths = (
				"$(DERIVED_FILE_DIR)/Pods-Test-checkManifestLockResult.txt",
			);
			runOnlyForDeploymentPostprocessing = 0;
			shellPath = /bin/sh;
			shellScript = "diff \"${PODS_PODFILE_DIR_PATH}/Podfile.lock\" \"${PODS_ROOT}/Manifest.lock\" > /dev/null\nif [ $? != 0 ] ; then\n    # print error to STDERR\n    echo \"error: The sandbox is not in sync with the Podfile.lock. Run 'pod install' or update your CocoaPods installation.\" >&2\n    exit 1\nfi\n# This output is used by Xcode 'outputs' to avoid re-running this script phase.\necho \"SUCCESS\" > \"${SCRIPT_OUTPUT_FILE_0}\"\n";
			showEnvVarsInLog = 0;
		};
/* End PBXShellScriptBuildPhase section */

/* Begin PBXSourcesBuildPhase section */
		CEAC4CF025DBE8F500EB8125 /* Sources */ = {
			isa = PBXSourcesBuildPhase;
			buildActionMask = 2147483647;
			files = (
				CE3BE1A525DC86CD00D2187C /* API.swift in Sources */,
				CEAC4D2925DBEAFE00EB8125 /* ListView.swift in Sources */,
				CEAC4D1025DBE92900EB8125 /* ListViewModel.swift in Sources */,
				CEAC4CFC25DBE8F500EB8125 /* ListViewControler.swift in Sources */,
				CEAC4D2025DBE99000EB8125 /* HZCell.swift in Sources */,
				CEAC4D1B25DBE97500EB8125 /* HZCellView.swift in Sources */,
				CEAC4CF825DBE8F500EB8125 /* AppDelegate.swift in Sources */,
				CEAC4D0D25DBE91A00EB8125 /* NetworkService.swift in Sources */,
				CEAC4D3125DBEC2C00EB8125 /* ViewController + Alert.swift in Sources */,
				CE3BE17025DC0C1900D2187C /* Configurable.swift in Sources */,
				CE3BE15F25DBEF2800D2187C /* TableManager.swift in Sources */,
				CEAC4CFA25DBE8F500EB8125 /* SceneDelegate.swift in Sources */,
				CEAC4D2E25DBEB9B00EB8125 /* ViewController + ViewHolder.swift in Sources */,
				CE3BE17C25DC129900D2187C /* SelectorCellView.swift in Sources */,
				CE3BE1A225DC854D00D2187C /* DataFetcher.swift in Sources */,
				CE3BE18525DC12B500D2187C /* PictureCell.swift in Sources */,
				CE3BE18925DC418A00D2187C /* Models.swift in Sources */,
				CE3BE18225DC12AD00D2187C /* PictureCellView.swift in Sources */,
				CE3BE17F25DC12A200D2187C /* SelectorCell.swift in Sources */,
				CE3BE16D25DBF6C000D2187C /* ListHeaderView.swift in Sources */,
			);
			runOnlyForDeploymentPostprocessing = 0;
		};
/* End PBXSourcesBuildPhase section */

/* Begin PBXVariantGroup section */
		CEAC4D0225DBE8F900EB8125 /* LaunchScreen.storyboard */ = {
			isa = PBXVariantGroup;
			children = (
				CEAC4D0325DBE8F900EB8125 /* Base */,
			);
			name = LaunchScreen.storyboard;
			sourceTree = "<group>";
		};
/* End PBXVariantGroup section */

/* Begin XCBuildConfiguration section */
		CEAC4D0625DBE8F900EB8125 /* Debug */ = {
			isa = XCBuildConfiguration;
			buildSettings = {
				ALWAYS_SEARCH_USER_PATHS = NO;
				CLANG_ANALYZER_NONNULL = YES;
				CLANG_ANALYZER_NUMBER_OBJECT_CONVERSION = YES_AGGRESSIVE;
				CLANG_CXX_LANGUAGE_STANDARD = "gnu++14";
				CLANG_CXX_LIBRARY = "libc++";
				CLANG_ENABLE_MODULES = YES;
				CLANG_ENABLE_OBJC_ARC = YES;
				CLANG_ENABLE_OBJC_WEAK = YES;
				CLANG_WARN_BLOCK_CAPTURE_AUTORELEASING = YES;
				CLANG_WARN_BOOL_CONVERSION = YES;
				CLANG_WARN_COMMA = YES;
				CLANG_WARN_CONSTANT_CONVERSION = YES;
				CLANG_WARN_DEPRECATED_OBJC_IMPLEMENTATIONS = YES;
				CLANG_WARN_DIRECT_OBJC_ISA_USAGE = YES_ERROR;
				CLANG_WARN_DOCUMENTATION_COMMENTS = YES;
				CLANG_WARN_EMPTY_BODY = YES;
				CLANG_WARN_ENUM_CONVERSION = YES;
				CLANG_WARN_INFINITE_RECURSION = YES;
				CLANG_WARN_INT_CONVERSION = YES;
				CLANG_WARN_NON_LITERAL_NULL_CONVERSION = YES;
				CLANG_WARN_OBJC_IMPLICIT_RETAIN_SELF = YES;
				CLANG_WARN_OBJC_LITERAL_CONVERSION = YES;
				CLANG_WARN_OBJC_ROOT_CLASS = YES_ERROR;
				CLANG_WARN_QUOTED_INCLUDE_IN_FRAMEWORK_HEADER = YES;
				CLANG_WARN_RANGE_LOOP_ANALYSIS = YES;
				CLANG_WARN_STRICT_PROTOTYPES = YES;
				CLANG_WARN_SUSPICIOUS_MOVE = YES;
				CLANG_WARN_UNGUARDED_AVAILABILITY = YES_AGGRESSIVE;
				CLANG_WARN_UNREACHABLE_CODE = YES;
				CLANG_WARN__DUPLICATE_METHOD_MATCH = YES;
				COPY_PHASE_STRIP = NO;
				DEBUG_INFORMATION_FORMAT = dwarf;
				ENABLE_STRICT_OBJC_MSGSEND = YES;
				ENABLE_TESTABILITY = YES;
				GCC_C_LANGUAGE_STANDARD = gnu11;
				GCC_DYNAMIC_NO_PIC = NO;
				GCC_NO_COMMON_BLOCKS = YES;
				GCC_OPTIMIZATION_LEVEL = 0;
				GCC_PREPROCESSOR_DEFINITIONS = (
					"DEBUG=1",
					"$(inherited)",
				);
				GCC_WARN_64_TO_32_BIT_CONVERSION = YES;
				GCC_WARN_ABOUT_RETURN_TYPE = YES_ERROR;
				GCC_WARN_UNDECLARED_SELECTOR = YES;
				GCC_WARN_UNINITIALIZED_AUTOS = YES_AGGRESSIVE;
				GCC_WARN_UNUSED_FUNCTION = YES;
				GCC_WARN_UNUSED_VARIABLE = YES;
				IPHONEOS_DEPLOYMENT_TARGET = 14.3;
				MTL_ENABLE_DEBUG_INFO = INCLUDE_SOURCE;
				MTL_FAST_MATH = YES;
				ONLY_ACTIVE_ARCH = YES;
				SDKROOT = iphoneos;
				SWIFT_ACTIVE_COMPILATION_CONDITIONS = DEBUG;
				SWIFT_OPTIMIZATION_LEVEL = "-Onone";
			};
			name = Debug;
		};
		CEAC4D0725DBE8F900EB8125 /* Release */ = {
			isa = XCBuildConfiguration;
			buildSettings = {
				ALWAYS_SEARCH_USER_PATHS = NO;
				CLANG_ANALYZER_NONNULL = YES;
				CLANG_ANALYZER_NUMBER_OBJECT_CONVERSION = YES_AGGRESSIVE;
				CLANG_CXX_LANGUAGE_STANDARD = "gnu++14";
				CLANG_CXX_LIBRARY = "libc++";
				CLANG_ENABLE_MODULES = YES;
				CLANG_ENABLE_OBJC_ARC = YES;
				CLANG_ENABLE_OBJC_WEAK = YES;
				CLANG_WARN_BLOCK_CAPTURE_AUTORELEASING = YES;
				CLANG_WARN_BOOL_CONVERSION = YES;
				CLANG_WARN_COMMA = YES;
				CLANG_WARN_CONSTANT_CONVERSION = YES;
				CLANG_WARN_DEPRECATED_OBJC_IMPLEMENTATIONS = YES;
				CLANG_WARN_DIRECT_OBJC_ISA_USAGE = YES_ERROR;
				CLANG_WARN_DOCUMENTATION_COMMENTS = YES;
				CLANG_WARN_EMPTY_BODY = YES;
				CLANG_WARN_ENUM_CONVERSION = YES;
				CLANG_WARN_INFINITE_RECURSION = YES;
				CLANG_WARN_INT_CONVERSION = YES;
				CLANG_WARN_NON_LITERAL_NULL_CONVERSION = YES;
				CLANG_WARN_OBJC_IMPLICIT_RETAIN_SELF = YES;
				CLANG_WARN_OBJC_LITERAL_CONVERSION = YES;
				CLANG_WARN_OBJC_ROOT_CLASS = YES_ERROR;
				CLANG_WARN_QUOTED_INCLUDE_IN_FRAMEWORK_HEADER = YES;
				CLANG_WARN_RANGE_LOOP_ANALYSIS = YES;
				CLANG_WARN_STRICT_PROTOTYPES = YES;
				CLANG_WARN_SUSPICIOUS_MOVE = YES;
				CLANG_WARN_UNGUARDED_AVAILABILITY = YES_AGGRESSIVE;
				CLANG_WARN_UNREACHABLE_CODE = YES;
				CLANG_WARN__DUPLICATE_METHOD_MATCH = YES;
				COPY_PHASE_STRIP = NO;
				DEBUG_INFORMATION_FORMAT = "dwarf-with-dsym";
				ENABLE_NS_ASSERTIONS = NO;
				ENABLE_STRICT_OBJC_MSGSEND = YES;
				GCC_C_LANGUAGE_STANDARD = gnu11;
				GCC_NO_COMMON_BLOCKS = YES;
				GCC_WARN_64_TO_32_BIT_CONVERSION = YES;
				GCC_WARN_ABOUT_RETURN_TYPE = YES_ERROR;
				GCC_WARN_UNDECLARED_SELECTOR = YES;
				GCC_WARN_UNINITIALIZED_AUTOS = YES_AGGRESSIVE;
				GCC_WARN_UNUSED_FUNCTION = YES;
				GCC_WARN_UNUSED_VARIABLE = YES;
				IPHONEOS_DEPLOYMENT_TARGET = 14.3;
				MTL_ENABLE_DEBUG_INFO = NO;
				MTL_FAST_MATH = YES;
				SDKROOT = iphoneos;
				SWIFT_COMPILATION_MODE = wholemodule;
				SWIFT_OPTIMIZATION_LEVEL = "-O";
				VALIDATE_PRODUCT = YES;
			};
			name = Release;
		};
		CEAC4D0925DBE8F900EB8125 /* Debug */ = {
			isa = XCBuildConfiguration;
			baseConfigurationReference = 99BC098ACF8CF825C76A996C /* Pods-Test.debug.xcconfig */;
			buildSettings = {
				ASSETCATALOG_COMPILER_APPICON_NAME = AppIcon;
				ASSETCATALOG_COMPILER_GLOBAL_ACCENT_COLOR_NAME = AccentColor;
				CODE_SIGN_STYLE = Automatic;
				DEVELOPMENT_TEAM = JVC2S59PM5;
				INFOPLIST_FILE = Test/Info.plist;
				LD_RUNPATH_SEARCH_PATHS = (
					"$(inherited)",
					"@executable_path/Frameworks",
				);
				PRODUCT_BUNDLE_IDENTIFIER = "Evgeny-Kravtsov.Test";
				PRODUCT_NAME = "$(TARGET_NAME)";
				SWIFT_VERSION = 5.0;
				TARGETED_DEVICE_FAMILY = "1,2";
			};
			name = Debug;
		};
		CEAC4D0A25DBE8F900EB8125 /* Release */ = {
			isa = XCBuildConfiguration;
			baseConfigurationReference = ABB7F08C1990CD64DF467D03 /* Pods-Test.release.xcconfig */;
			buildSettings = {
				ASSETCATALOG_COMPILER_APPICON_NAME = AppIcon;
				ASSETCATALOG_COMPILER_GLOBAL_ACCENT_COLOR_NAME = AccentColor;
				CODE_SIGN_STYLE = Automatic;
				DEVELOPMENT_TEAM = JVC2S59PM5;
				INFOPLIST_FILE = Test/Info.plist;
				LD_RUNPATH_SEARCH_PATHS = (
					"$(inherited)",
					"@executable_path/Frameworks",
				);
				PRODUCT_BUNDLE_IDENTIFIER = "Evgeny-Kravtsov.Test";
				PRODUCT_NAME = "$(TARGET_NAME)";
				SWIFT_VERSION = 5.0;
				TARGETED_DEVICE_FAMILY = "1,2";
			};
			name = Release;
		};
/* End XCBuildConfiguration section */

/* Begin XCConfigurationList section */
		CEAC4CEF25DBE8F500EB8125 /* Build configuration list for PBXProject "Test" */ = {
			isa = XCConfigurationList;
			buildConfigurations = (
				CEAC4D0625DBE8F900EB8125 /* Debug */,
				CEAC4D0725DBE8F900EB8125 /* Release */,
			);
			defaultConfigurationIsVisible = 0;
			defaultConfigurationName = Release;
		};
		CEAC4D0825DBE8F900EB8125 /* Build configuration list for PBXNativeTarget "Test" */ = {
			isa = XCConfigurationList;
			buildConfigurations = (
				CEAC4D0925DBE8F900EB8125 /* Debug */,
				CEAC4D0A25DBE8F900EB8125 /* Release */,
			);
			defaultConfigurationIsVisible = 0;
			defaultConfigurationName = Release;
		};
/* End XCConfigurationList section */
	};
	rootObject = CEAC4CEC25DBE8F500EB8125 /* Project object */;
}
